
Microsoft Visual Studio Solution File, Format Version 12.00
# Visual Studio Version 17
VisualStudioVersion = 17.0.32014.148
MinimumVisualStudioVersion = 10.0.40219.1
Project("{FAE04EC0-301F-11D3-BF4B-00C04F79EFBC}") = "Lab16", "Lab16\Lab16.csproj", "{F0235695-4110-4847-BC52-5FA60A2DFCD6}"
EndProject
Project("{FAE04EC0-301F-11D3-BF4B-00C04F79EFBC}") = "Lab16.1", "Lab16.1\Lab16.1.csproj", "{A5958485-EDB3-4ECA-8D32-D3A77FC9C14C}"
EndProject
Project("{FAE04EC0-301F-11D3-BF4B-00C04F79EFBC}") = "Lab16.2", "Lab16.2\Lab16.2.csproj", "{6DC7E9E1-9DFF-4CCC-A616-875897368B92}"
EndProject
Global
	GlobalSection(SolutionConfigurationPlatforms) = preSolution
		Debug|Any CPU = Debug|Any CPU
		Release|Any CPU = Release|Any CPU
	EndGlobalSection
	GlobalSection(ProjectConfigurationPlatforms) = postSolution
		{F0235695-4110-4847-BC52-5FA60A2DFCD6}.Debug|Any CPU.ActiveCfg = Debug|Any CPU
		{F0235695-4110-4847-BC52-5FA60A2DFCD6}.Debug|Any CPU.Build.0 = Debug|Any CPU
		{F0235695-4110-4847-BC52-5FA60A2DFCD6}.Release|Any CPU.ActiveCfg = Release|Any CPU
		{F0235695-4110-4847-BC52-5FA60A2DFCD6}.Release|Any CPU.Build.0 = Release|Any CPU
		{A5958485-EDB3-4ECA-8D32-D3A77FC9C14C}.Debug|Any CPU.ActiveCfg = Debug|Any CPU
		{A5958485-EDB3-4ECA-8D32-D3A77FC9C14C}.Debug|Any CPU.Build.0 = Debug|Any CPU
		{A5958485-EDB3-4ECA-8D32-D3A77FC9C14C}.Release|Any CPU.ActiveCfg = Release|Any CPU
		{A5958485-EDB3-4ECA-8D32-D3A77FC9C14C}.Release|Any CPU.Build.0 = Release|Any CPU
		{6DC7E9E1-9DFF-4CCC-A616-875897368B92}.Debug|Any CPU.ActiveCfg = Debug|Any CPU
		{6DC7E9E1-9DFF-4CCC-A616-875897368B92}.Debug|Any CPU.Build.0 = Debug|Any CPU
		{6DC7E9E1-9DFF-4CCC-A616-875897368B92}.Release|Any CPU.ActiveCfg = Release|Any CPU
		{6DC7E9E1-9DFF-4CCC-A616-875897368B92}.Release|Any CPU.Build.0 = Release|Any CPU
	EndGlobalSection
	GlobalSection(SolutionProperties) = preSolution
		HideSolutionNode = FALSE
	EndGlobalSection
	GlobalSection(ExtensibilityGlobals) = postSolution
		SolutionGuid = {9878B0E8-D0BA-434A-82DD-E82CDC6FA816}
	EndGlobalSection
EndGlobal
